
Microsoft Visual Studio Solution File, Format Version 12.00
# Visual Studio Version 17
VisualStudioVersion = 17.6.33829.357
MinimumVisualStudioVersion = 10.0.40219.1
Project("{FAE04EC0-301F-11D3-BF4B-00C04F79EFBC}") = "Prueba_de_Message", "Prueba_de_Message.csproj", "{1873770F-83E1-40F9-86AB-14643B746BAF}"
EndProject
Global
	GlobalSection(SolutionConfigurationPlatforms) = preSolution
		Debug|Any CPU = Debug|Any CPU
		Release|Any CPU = Release|Any CPU
	EndGlobalSection
	GlobalSection(ProjectConfigurationPlatforms) = postSolution
		{1873770F-83E1-40F9-86AB-14643B746BAF}.Debug|Any CPU.ActiveCfg = Debug|Any CPU
		{1873770F-83E1-40F9-86AB-14643B746BAF}.Debug|Any CPU.Build.0 = Debug|Any CPU
		{1873770F-83E1-40F9-86AB-14643B746BAF}.Release|Any CPU.ActiveCfg = Release|Any CPU
		{1873770F-83E1-40F9-86AB-14643B746BAF}.Release|Any CPU.Build.0 = Release|Any CPU
	EndGlobalSection
	GlobalSection(SolutionProperties) = preSolution
		HideSolutionNode = FALSE
	EndGlobalSection
	GlobalSection(ExtensibilityGlobals) = postSolution
		SolutionGuid = {30603C75-280B-437F-A418-2F23531BB234}
	EndGlobalSection
EndGlobal
